// !$*UTF8*$!
{
	archiveVersion = 1;
	classes = {
	};
	objectVersion = 46;
	objects = {

/* Begin PBXBuildFile section */
		2A647F701EFA080300E7FCA3 /* main.m in Sources */ = {isa = PBXBuildFile; fileRef = 2A647F6F1EFA080300E7FCA3 /* main.m */; };
		2A647F731EFA080300E7FCA3 /* AppDelegate.m in Sources */ = {isa = PBXBuildFile; fileRef = 2A647F721EFA080300E7FCA3 /* AppDelegate.m */; };
		2A647F761EFA080300E7FCA3 /* ViewController.m in Sources */ = {isa = PBXBuildFile; fileRef = 2A647F751EFA080300E7FCA3 /* ViewController.m */; };
		2A647F791EFA080300E7FCA3 /* Main.storyboard in Resources */ = {isa = PBXBuildFile; fileRef = 2A647F771EFA080300E7FCA3 /* Main.storyboard */; };
		2A647F7B1EFA080300E7FCA3 /* Assets.xcassets in Resources */ = {isa = PBXBuildFile; fileRef = 2A647F7A1EFA080300E7FCA3 /* Assets.xcassets */; };
		2A647F7E1EFA080300E7FCA3 /* LaunchScreen.storyboard in Resources */ = {isa = PBXBuildFile; fileRef = 2A647F7C1EFA080300E7FCA3 /* LaunchScreen.storyboard */; };
		2A647F891EFA080300E7FCA3 /* WellScrollViewTests.m in Sources */ = {isa = PBXBuildFile; fileRef = 2A647F881EFA080300E7FCA3 /* WellScrollViewTests.m */; };
		2A647F941EFA080300E7FCA3 /* WellScrollViewUITests.m in Sources */ = {isa = PBXBuildFile; fileRef = 2A647F931EFA080300E7FCA3 /* WellScrollViewUITests.m */; };
/* End PBXBuildFile section */

/* Begin PBXContainerItemProxy section */
		2A647F851EFA080300E7FCA3 /* PBXContainerItemProxy */ = {
			isa = PBXContainerItemProxy;
			containerPortal = 2A647F631EFA080300E7FCA3 /* Project object */;
			proxyType = 1;
			remoteGlobalIDString = 2A647F6A1EFA080300E7FCA3;
			remoteInfo = WellScrollView;
		};
		2A647F901EFA080300E7FCA3 /* PBXContainerItemProxy */ = {
			isa = PBXContainerItemProxy;
			containerPortal = 2A647F631EFA080300E7FCA3 /* Project object */;
			proxyType = 1;
			remoteGlobalIDString = 2A647F6A1EFA080300E7FCA3;
			remoteInfo = WellScrollView;
		};
/* End PBXContainerItemProxy section */

/* Begin PBXFileReference section */
		2A647F6B1EFA080300E7FCA3 /* WellScrollView.app */ = {isa = PBXFileReference; explicitFileType = wrapper.application; includeInIndex = 0; path = WellScrollView.app; sourceTree = BUILT_PRODUCTS_DIR; };
		2A647F6F1EFA080300E7FCA3 /* main.m */ = {isa = PBXFileReference; lastKnownFileType = sourcecode.c.objc; path = main.m; sourceTree = "<group>"; };
		2A647F711EFA080300E7FCA3 /* AppDelegate.h */ = {isa = PBXFileReference; lastKnownFileType = sourcecode.c.h; path = AppDelegate.h; sourceTree = "<group>"; };
		2A647F721EFA080300E7FCA3 /* AppDelegate.m */ = {isa = PBXFileReference; lastKnownFileType = sourcecode.c.objc; path = AppDelegate.m; sourceTree = "<group>"; };
		2A647F741EFA080300E7FCA3 /* ViewController.h */ = {isa = PBXFileReference; lastKnownFileType = sourcecode.c.h; path = ViewController.h; sourceTree = "<group>"; };
		2A647F751EFA080300E7FCA3 /* ViewController.m */ = {isa = PBXFileReference; lastKnownFileType = sourcecode.c.objc; path = ViewController.m; sourceTree = "<group>"; };
		2A647F781EFA080300E7FCA3 /* Base */ = {isa = PBXFileReference; lastKnownFileType = file.storyboard; name = Base; path = Base.lproj/Main.storyboard; sourceTree = "<group>"; };
		2A647F7A1EFA080300E7FCA3 /* Assets.xcassets */ = {isa = PBXFileReference; lastKnownFileType = folder.assetcatalog; path = Assets.xcassets; sourceTree = "<group>"; };
		2A647F7D1EFA080300E7FCA3 /* Base */ = {isa = PBXFileReference; lastKnownFileType = file.storyboard; name = Base; path = Base.lproj/LaunchScreen.storyboard; sourceTree = "<group>"; };
		2A647F7F1EFA080300E7FCA3 /* Info.plist */ = {isa = PBXFileReference; lastKnownFileType = text.plist.xml; path = Info.plist; sourceTree = "<group>"; };
		2A647F841EFA080300E7FCA3 /* WellScrollViewTests.xctest */ = {isa = PBXFileReference; explicitFileType = wrapper.cfbundle; includeInIndex = 0; path = WellScrollViewTests.xctest; sourceTree = BUILT_PRODUCTS_DIR; };
		2A647F881EFA080300E7FCA3 /* WellScrollViewTests.m */ = {isa = PBXFileReference; lastKnownFileType = sourcecode.c.objc; path = WellScrollViewTests.m; sourceTree = "<group>"; };
		2A647F8A1EFA080300E7FCA3 /* Info.plist */ = {isa = PBXFileReference; lastKnownFileType = text.plist.xml; path = Info.plist; sourceTree = "<group>"; };
		2A647F8F1EFA080300E7FCA3 /* WellScrollViewUITests.xctest */ = {isa = PBXFileReference; explicitFileType = wrapper.cfbundle; includeInIndex = 0; path = WellScrollViewUITests.xctest; sourceTree = BUILT_PRODUCTS_DIR; };
		2A647F931EFA080300E7FCA3 /* WellScrollViewUITests.m */ = {isa = PBXFileReference; lastKnownFileType = sourcecode.c.objc; path = WellScrollViewUITests.m; sourceTree = "<group>"; };
		2A647F951EFA080300E7FCA3 /* Info.plist */ = {isa = PBXFileReference; lastKnownFileType = text.plist.xml; path = Info.plist; sourceTree = "<group>"; };
/* End PBXFileReference section */

/* Begin PBXFrameworksBuildPhase section */
		2A647F681EFA080300E7FCA3 /* Frameworks */ = {
			isa = PBXFrameworksBuildPhase;
			buildActionMask = 2147483647;
			files = (
			);
			runOnlyForDeploymentPostprocessing = 0;
		};
		2A647F811EFA080300E7FCA3 /* Frameworks */ = {
			isa = PBXFrameworksBuildPhase;
			buildActionMask = 2147483647;
			files = (
			);
			runOnlyForDeploymentPostprocessing = 0;
		};
		2A647F8C1EFA080300E7FCA3 /* Frameworks */ = {
			isa = PBXFrameworksBuildPhase;
			buildActionMask = 2147483647;
			files = (
			);
			runOnlyForDeploymentPostprocessing = 0;
		};
/* End PBXFrameworksBuildPhase section */

/* Begin PBXGroup section */
		2A647F621EFA080300E7FCA3 = {
			isa = PBXGroup;
			children = (
				2A647F6D1EFA080300E7FCA3 /* WellScrollView */,
				2A647F871EFA080300E7FCA3 /* WellScrollViewTests */,
				2A647F921EFA080300E7FCA3 /* WellScrollViewUITests */,
				2A647F6C1EFA080300E7FCA3 /* Products */,
			);
			sourceTree = "<group>";
		};
		2A647F6C1EFA080300E7FCA3 /* Products */ = {
			isa = PBXGroup;
			children = (
				2A647F6B1EFA080300E7FCA3 /* WellScrollView.app */,
				2A647F841EFA080300E7FCA3 /* WellScrollViewTests.xctest */,
				2A647F8F1EFA080300E7FCA3 /* WellScrollViewUITests.xctest */,
			);
			name = Products;
			sourceTree = "<group>";
		};
		2A647F6D1EFA080300E7FCA3 /* WellScrollView */ = {
			isa = PBXGroup;
			children = (
				2A647F711EFA080300E7FCA3 /* AppDelegate.h */,
				2A647F721EFA080300E7FCA3 /* AppDelegate.m */,
				2A647F741EFA080300E7FCA3 /* ViewController.h */,
				2A647F751EFA080300E7FCA3 /* ViewController.m */,
				2A647F771EFA080300E7FCA3 /* Main.storyboard */,
				2A647F7A1EFA080300E7FCA3 /* Assets.xcassets */,
				2A647F7C1EFA080300E7FCA3 /* LaunchScreen.storyboard */,
				2A647F7F1EFA080300E7FCA3 /* Info.plist */,
				2A647F6E1EFA080300E7FCA3 /* Supporting Files */,
			);
			path = WellScrollView;
			sourceTree = "<group>";
		};
		2A647F6E1EFA080300E7FCA3 /* Supporting Files */ = {
			isa = PBXGroup;
			children = (
				2A647F6F1EFA080300E7FCA3 /* main.m */,
			);
			name = "Supporting Files";
			sourceTree = "<group>";
		};
		2A647F871EFA080300E7FCA3 /* WellScrollViewTests */ = {
			isa = PBXGroup;
			children = (
				2A647F881EFA080300E7FCA3 /* WellScrollViewTests.m */,
				2A647F8A1EFA080300E7FCA3 /* Info.plist */,
			);
			path = WellScrollViewTests;
			sourceTree = "<group>";
		};
		2A647F921EFA080300E7FCA3 /* WellScrollViewUITests */ = {
			isa = PBXGroup;
			children = (
				2A647F931EFA080300E7FCA3 /* WellScrollViewUITests.m */,
				2A647F951EFA080300E7FCA3 /* Info.plist */,
			);
			path = WellScrollViewUITests;
			sourceTree = "<group>";
		};
/* End PBXGroup section */

/* Begin PBXNativeTarget section */
		2A647F6A1EFA080300E7FCA3 /* WellScrollView */ = {
			isa = PBXNativeTarget;
			buildConfigurationList = 2A647F981EFA080300E7FCA3 /* Build configuration list for PBXNativeTarget "WellScrollView" */;
			buildPhases = (
				2A647F671EFA080300E7FCA3 /* Sources */,
				2A647F681EFA080300E7FCA3 /* Frameworks */,
				2A647F691EFA080300E7FCA3 /* Resources */,
			);
			buildRules = (
			);
			dependencies = (
			);
			name = WellScrollView;
			productName = WellScrollView;
			productReference = 2A647F6B1EFA080300E7FCA3 /* WellScrollView.app */;
			productType = "com.apple.product-type.application";
		};
		2A647F831EFA080300E7FCA3 /* WellScrollViewTests */ = {
			isa = PBXNativeTarget;
			buildConfigurationList = 2A647F9B1EFA080300E7FCA3 /* Build configuration list for PBXNativeTarget "WellScrollViewTests" */;
			buildPhases = (
				2A647F801EFA080300E7FCA3 /* Sources */,
				2A647F811EFA080300E7FCA3 /* Frameworks */,
				2A647F821EFA080300E7FCA3 /* Resources */,
			);
			buildRules = (
			);
			dependencies = (
				2A647F861EFA080300E7FCA3 /* PBXTargetDependency */,
			);
			name = WellScrollViewTests;
			productName = WellScrollViewTests;
			productReference = 2A647F841EFA080300E7FCA3 /* WellScrollViewTests.xctest */;
			productType = "com.apple.product-type.bundle.unit-test";
		};
		2A647F8E1EFA080300E7FCA3 /* WellScrollViewUITests */ = {
			isa = PBXNativeTarget;
			buildConfigurationList = 2A647F9E1EFA080300E7FCA3 /* Build configuration list for PBXNativeTarget "WellScrollViewUITests" */;
			buildPhases = (
				2A647F8B1EFA080300E7FCA3 /* Sources */,
				2A647F8C1EFA080300E7FCA3 /* Frameworks */,
				2A647F8D1EFA080300E7FCA3 /* Resources */,
			);
			buildRules = (
			);
			dependencies = (
				2A647F911EFA080300E7FCA3 /* PBXTargetDependency */,
			);
			name = WellScrollViewUITests;
			productName = WellScrollViewUITests;
			productReference = 2A647F8F1EFA080300E7FCA3 /* WellScrollViewUITests.xctest */;
			productType = "com.apple.product-type.bundle.ui-testing";
		};
/* End PBXNativeTarget section */

/* Begin PBXProject section */
		2A647F631EFA080300E7FCA3 /* Project object */ = {
			isa = PBXProject;
			attributes = {
				LastUpgradeCheck = 0830;
				ORGANIZATIONNAME = well;
				TargetAttributes = {
					2A647F6A1EFA080300E7FCA3 = {
						CreatedOnToolsVersion = 8.3.1;
						ProvisioningStyle = Automatic;
					};
					2A647F831EFA080300E7FCA3 = {
						CreatedOnToolsVersion = 8.3.1;
						ProvisioningStyle = Automatic;
						TestTargetID = 2A647F6A1EFA080300E7FCA3;
					};
					2A647F8E1EFA080300E7FCA3 = {
						CreatedOnToolsVersion = 8.3.1;
						ProvisioningStyle = Automatic;
						TestTargetID = 2A647F6A1EFA080300E7FCA3;
					};
				};
			};
			buildConfigurationList = 2A647F661EFA080300E7FCA3 /* Build configuration list for PBXProject "WellScrollView" */;
			compatibilityVersion = "Xcode 3.2";
			developmentRegion = English;
			hasScannedForEncodings = 0;
			knownRegions = (
				en,
				Base,
			);
			mainGroup = 2A647F621EFA080300E7FCA3;
			productRefGroup = 2A647F6C1EFA080300E7FCA3 /* Products */;
			projectDirPath = "";
			projectRoot = "";
			targets = (
				2A647F6A1EFA080300E7FCA3 /* WellScrollView */,
				2A647F831EFA080300E7FCA3 /* WellScrollViewTests */,
				2A647F8E1EFA080300E7FCA3 /* WellScrollViewUITests */,
			);
		};
/* End PBXProject section */

/* Begin PBXResourcesBuildPhase section */
		2A647F691EFA080300E7FCA3 /* Resources */ = {
			isa = PBXResourcesBuildPhase;
			buildActionMask = 2147483647;
			files = (
				2A647F7E1EFA080300E7FCA3 /* LaunchScreen.storyboard in Resources */,
				2A647F7B1EFA080300E7FCA3 /* Assets.xcassets in Resources */,
				2A647F791EFA080300E7FCA3 /* Main.storyboard in Resources */,
			);
			runOnlyForDeploymentPostprocessing = 0;
		};
		2A647F821EFA080300E7FCA3 /* Resources */ = {
			isa = PBXResourcesBuildPhase;
			buildActionMask = 2147483647;
			files = (
			);
			runOnlyForDeploymentPostprocessing = 0;
		};
		2A647F8D1EFA080300E7FCA3 /* Resources */ = {
			isa = PBXResourcesBuildPhase;
			buildActionMask = 2147483647;
			files = (
			);
			runOnlyForDeploymentPostprocessing = 0;
		};
/* End PBXResourcesBuildPhase section */

/* Begin PBXSourcesBuildPhase section */
		2A647F671EFA080300E7FCA3 /* Sources */ = {
			isa = PBXSourcesBuildPhase;
			buildActionMask = 2147483647;
			files = (
				2A647F761EFA080300E7FCA3 /* ViewController.m in Sources */,
				2A647F731EFA080300E7FCA3 /* AppDelegate.m in Sources */,
				2A647F701EFA080300E7FCA3 /* main.m in Sources */,
			);
			runOnlyForDeploymentPostprocessing = 0;
		};
		2A647F801EFA080300E7FCA3 /* Sources */ = {
			isa = PBXSourcesBuildPhase;
			buildActionMask = 2147483647;
			files = (
				2A647F891EFA080300E7FCA3 /* WellScrollViewTests.m in Sources */,
			);
			runOnlyForDeploymentPostprocessing = 0;
		};
		2A647F8B1EFA080300E7FCA3 /* Sources */ = {
			isa = PBXSourcesBuildPhase;
			buildActionMask = 2147483647;
			files = (
				2A647F941EFA080300E7FCA3 /* WellScrollViewUITests.m in Sources */,
			);
			runOnlyForDeploymentPostprocessing = 0;
		};
/* End PBXSourcesBuildPhase section */

/* Begin PBXTargetDependency section */
		2A647F861EFA080300E7FCA3 /* PBXTargetDependency */ = {
			isa = PBXTargetDependency;
			target = 2A647F6A1EFA080300E7FCA3 /* WellScrollView */;
			targetProxy = 2A647F851EFA080300E7FCA3 /* PBXContainerItemProxy */;
		};
		2A647F911EFA080300E7FCA3 /* PBXTargetDependency */ = {
			isa = PBXTargetDependency;
			target = 2A647F6A1EFA080300E7FCA3 /* WellScrollView */;
			targetProxy = 2A647F901EFA080300E7FCA3 /* PBXContainerItemProxy */;
		};
/* End PBXTargetDependency section */

/* Begin PBXVariantGroup section */
		2A647F771EFA080300E7FCA3 /* Main.storyboard */ = {
			isa = PBXVariantGroup;
			children = (
				2A647F781EFA080300E7FCA3 /* Base */,
			);
			name = Main.storyboard;
			sourceTree = "<group>";
		};
		2A647F7C1EFA080300E7FCA3 /* LaunchScreen.storyboard */ = {
			isa = PBXVariantGroup;
			children = (
				2A647F7D1EFA080300E7FCA3 /* Base */,
			);
			name = LaunchScreen.storyboard;
			sourceTree = "<group>";
		};
/* End PBXVariantGroup section */

/* Begin XCBuildConfiguration section */
		2A647F961EFA080300E7FCA3 /* Debug */ = {
			isa = XCBuildConfiguration;
			buildSettings = {
				ALWAYS_SEARCH_USER_PATHS = NO;
				CLANG_ANALYZER_NONNULL = YES;
				CLANG_ANALYZER_NUMBER_OBJECT_CONVERSION = YES_AGGRESSIVE;
				CLANG_CXX_LANGUAGE_STANDARD = "gnu++0x";
				CLANG_CXX_LIBRARY = "libc++";
				CLANG_ENABLE_MODULES = YES;
				CLANG_ENABLE_OBJC_ARC = YES;
				CLANG_WARN_BOOL_CONVERSION = YES;
				CLANG_WARN_CONSTANT_CONVERSION = YES;
				CLANG_WARN_DIRECT_OBJC_ISA_USAGE = YES_ERROR;
				CLANG_WARN_DOCUMENTATION_COMMENTS = YES;
				CLANG_WARN_EMPTY_BODY = YES;
				CLANG_WARN_ENUM_CONVERSION = YES;
				CLANG_WARN_INFINITE_RECURSION = YES;
				CLANG_WARN_INT_CONVERSION = YES;
				CLANG_WARN_OBJC_ROOT_CLASS = YES_ERROR;
				CLANG_WARN_SUSPICIOUS_MOVE = YES;
				CLANG_WARN_UNREACHABLE_CODE = YES;
				CLANG_WARN__DUPLICATE_METHOD_MATCH = YES;
				"CODE_SIGN_IDENTITY[sdk=iphoneos*]" = "iPhone Developer";
				COPY_PHASE_STRIP = NO;
				DEBUG_INFORMATION_FORMAT = dwarf;
				ENABLE_STRICT_OBJC_MSGSEND = YES;
				ENABLE_TESTABILITY = YES;
				GCC_C_LANGUAGE_STANDARD = gnu99;
				GCC_DYNAMIC_NO_PIC = NO;
				GCC_NO_COMMON_BLOCKS = YES;
				GCC_OPTIMIZATION_LEVEL = 0;
				GCC_PREPROCESSOR_DEFINITIONS = (
					"DEBUG=1",
					"$(inherited)",
				);
				GCC_WARN_64_TO_32_BIT_CONVERSION = YES;
				GCC_WARN_ABOUT_RETURN_TYPE = YES_ERROR;
				GCC_WARN_UNDECLARED_SELECTOR = YES;
				GCC_WARN_UNINITIALIZED_AUTOS = YES_AGGRESSIVE;
				GCC_WARN_UNUSED_FUNCTION = YES;
				GCC_WARN_UNUSED_VARIABLE = YES;
				IPHONEOS_DEPLOYMENT_TARGET = 10.3;
				MTL_ENABLE_DEBUG_INFO = YES;
				ONLY_ACTIVE_ARCH = YES;
				SDKROOT = iphoneos;
			};
			name = Debug;
		};
		2A647F971EFA080300E7FCA3 /* Release */ = {
			isa = XCBuildConfiguration;
			buildSettings = {
				ALWAYS_SEARCH_USER_PATHS = NO;
				CLANG_ANALYZER_NONNULL = YES;
				CLANG_ANALYZER_NUMBER_OBJECT_CONVERSION = YES_AGGRESSIVE;
				CLANG_CXX_LANGUAGE_STANDARD = "gnu++0x";
				CLANG_CXX_LIBRARY = "libc++";
				CLANG_ENABLE_MODULES = YES;
				CLANG_ENABLE_OBJC_ARC = YES;
				CLANG_WARN_BOOL_CONVERSION = YES;
				CLANG_WARN_CONSTANT_CONVERSION = YES;
				CLANG_WARN_DIRECT_OBJC_ISA_USAGE = YES_ERROR;
				CLANG_WARN_DOCUMENTATION_COMMENTS = YES;
				CLANG_WARN_EMPTY_BODY = YES;
				CLANG_WARN_ENUM_CONVERSION = YES;
				CLANG_WARN_INFINITE_RECURSION = YES;
				CLANG_WARN_INT_CONVERSION = YES;
				CLANG_WARN_OBJC_ROOT_CLASS = YES_ERROR;
				CLANG_WARN_SUSPICIOUS_MOVE = YES;
				CLANG_WARN_UNREACHABLE_CODE = YES;
				CLANG_WARN__DUPLICATE_METHOD_MATCH = YES;
				"CODE_SIGN_IDENTITY[sdk=iphoneos*]" = "iPhone Developer";
				COPY_PHASE_STRIP = NO;
				DEBUG_INFORMATION_FORMAT = "dwarf-with-dsym";
				ENABLE_NS_ASSERTIONS = NO;
				ENABLE_STRICT_OBJC_MSGSEND = YES;
				GCC_C_LANGUAGE_STANDARD = gnu99;
				GCC_NO_COMMON_BLOCKS = YES;
				GCC_WARN_64_TO_32_BIT_CONVERSION = YES;
				GCC_WARN_ABOUT_RETURN_TYPE = YES_ERROR;
				GCC_WARN_UNDECLARED_SELECTOR = YES;
				GCC_WARN_UNINITIALIZED_AUTOS = YES_AGGRESSIVE;
				GCC_WARN_UNUSED_FUNCTION = YES;
				GCC_WARN_UNUSED_VARIABLE = YES;
				IPHONEOS_DEPLOYMENT_TARGET = 10.3;
				MTL_ENABLE_DEBUG_INFO = NO;
				SDKROOT = iphoneos;
				VALIDATE_PRODUCT = YES;
			};
			name = Release;
		};
		2A647F991EFA080300E7FCA3 /* Debug */ = {
			isa = XCBuildConfiguration;
			buildSettings = {
				ASSETCATALOG_COMPILER_APPICON_NAME = AppIcon;
				"CODE_SIGN_IDENTITY[sdk=iphoneos*]" = "iPhone Developer";
				DEVELOPMENT_TEAM = "";
				INFOPLIST_FILE = WellScrollView/Info.plist;
				IPHONEOS_DEPLOYMENT_TARGET = 8.0;
				LD_RUNPATH_SEARCH_PATHS = "$(inherited) @executable_path/Frameworks";
				PRODUCT_BUNDLE_IDENTIFIER = well.WellScrollView;
				PRODUCT_NAME = "$(TARGET_NAME)";
				PROVISIONING_PROFILE_SPECIFIER = "";
			};
			name = Debug;
		};
		2A647F9A1EFA080300E7FCA3 /* Release */ = {
			isa = XCBuildConfiguration;
			buildSettings = {
				ASSETCATALOG_COMPILER_APPICON_NAME = AppIcon;
				"CODE_SIGN_IDENTITY[sdk=iphoneos*]" = "iPhone Developer";
				DEVELOPMENT_TEAM = "";
				INFOPLIST_FILE = WellScrollView/Info.plist;
				IPHONEOS_DEPLOYMENT_TARGET = 8.0;
				LD_RUNPATH_SEARCH_PATHS = "$(inherited) @executable_path/Frameworks";
				PRODUCT_BUNDLE_IDENTIFIER = well.WellScrollView;
				PRODUCT_NAME = "$(TARGET_NAME)";
				PROVISIONING_PROFILE_SPECIFIER = "";
			};
			name = Release;
		};
		2A647F9C1EFA080300E7FCA3 /* Debug */ = {
			isa = XCBuildConfiguration;
			buildSettings = {
				BUNDLE_LOADER = "$(TEST_HOST)";
				INFOPLIST_FILE = WellScrollViewTests/Info.plist;
				LD_RUNPATH_SEARCH_PATHS = "$(inherited) @executable_path/Frameworks @loader_path/Frameworks";
				PRODUCT_BUNDLE_IDENTIFIER = well.WellScrollViewTests;
				PRODUCT_NAME = "$(TARGET_NAME)";
				TEST_HOST = "$(BUILT_PRODUCTS_DIR)/WellScrollView.app/WellScrollView";
			};
			name = Debug;
		};
		2A647F9D1EFA080300E7FCA3 /* Release */ = {
			isa = XCBuildConfiguration;
			buildSettings = {
				BUNDLE_LOADER = "$(TEST_HOST)";
				INFOPLIST_FILE = WellScrollViewTests/Info.plist;
				LD_RUNPATH_SEARCH_PATHS = "$(inherited) @executable_path/Frameworks @loader_path/Frameworks";
				PRODUCT_BUNDLE_IDENTIFIER = well.WellScrollViewTests;
				PRODUCT_NAME = "$(TARGET_NAME)";
				TEST_HOST = "$(BUILT_PRODUCTS_DIR)/WellScrollView.app/WellScrollView";
			};
			name = Release;
		};
		2A647F9F1EFA080300E7FCA3 /* Debug */ = {
			isa = XCBuildConfiguration;
			buildSettings = {
				INFOPLIST_FILE = WellScrollViewUITests/Info.plist;
				LD_RUNPATH_SEARCH_PATHS = "$(inherited) @executable_path/Frameworks @loader_path/Frameworks";
				PRODUCT_BUNDLE_IDENTIFIER = well.WellScrollViewUITests;
				PRODUCT_NAME = "$(TARGET_NAME)";
				TEST_TARGET_NAME = WellScrollView;
			};
			name = Debug;
		};
		2A647FA01EFA080300E7FCA3 /* Release */ = {
			isa = XCBuildConfiguration;
			buildSettings = {
				INFOPLIST_FILE = WellScrollViewUITests/Info.plist;
				LD_RUNPATH_SEARCH_PATHS = "$(inherited) @executable_path/Frameworks @loader_path/Frameworks";
				PRODUCT_BUNDLE_IDENTIFIER = well.WellScrollViewUITests;
				PRODUCT_NAME = "$(TARGET_NAME)";
				TEST_TARGET_NAME = WellScrollView;
			};
			name = Release;
		};
/* End XCBuildConfiguration section */

/* Begin XCConfigurationList section */
		2A647F661EFA080300E7FCA3 /* Build configuration list for PBXProject "WellScrollView" */ = {
			isa = XCConfigurationList;
			buildConfigurations = (
				2A647F961EFA080300E7FCA3 /* Debug */,
				2A647F971EFA080300E7FCA3 /* Release */,
			);
			defaultConfigurationIsVisible = 0;
			defaultConfigurationName = Release;
		};
		2A647F981EFA080300E7FCA3 /* Build configuration list for PBXNativeTarget "WellScrollView" */ = {
			isa = XCConfigurationList;
			buildConfigurations = (
				2A647F991EFA080300E7FCA3 /* Debug */,
				2A647F9A1EFA080300E7FCA3 /* Release */,
			);
			defaultConfigurationIsVisible = 0;
		};
		2A647F9B1EFA080300E7FCA3 /* Build configuration list for PBXNativeTarget "WellScrollViewTests" */ = {
			isa = XCConfigurationList;
			buildConfigurations = (
				2A647F9C1EFA080300E7FCA3 /* Debug */,
				2A647F9D1EFA080300E7FCA3 /* Release */,
			);
			defaultConfigurationIsVisible = 0;
		};
		2A647F9E1EFA080300E7FCA3 /* Build configuration list for PBXNativeTarget "WellScrollViewUITests" */ = {
			isa = XCConfigurationList;
			buildConfigurations = (
				2A647F9F1EFA080300E7FCA3 /* Debug */,
				2A647FA01EFA080300E7FCA3 /* Release */,
			);
			defaultConfigurationIsVisible = 0;
		};
/* End XCConfigurationList section */
	};
	rootObject = 2A647F631EFA080300E7FCA3 /* Project object */;
}
